
Microsoft Visual Studio Solution File, Format Version 12.00
# Visual Studio Version 16
VisualStudioVersion = 16.0.29306.81
MinimumVisualStudioVersion = 10.0.40219.1
Project("{9A19103F-16F7-4668-BE54-9A1E7A4F7556}") = "Plotly.Bridge", "Plotly.Bridge\Plotly.Bridge.csproj", "{2C6F7FB3-62C9-400E-A9C1-26C2CA5FFEA1}"
EndProject
Project("{6EC3EE1D-3C4E-46DD-8F32-0CC8E7565705}") = "Plotly.Bridge.Generator", "Plotly.Bridge.Generator\Plotly.Bridge.Generator.fsproj", "{D4274115-77E5-4A1F-929C-67473DDC254F}"
EndProject
Project("{9A19103F-16F7-4668-BE54-9A1E7A4F7556}") = "Plotly.Bridge.Demo", "Plotly.Bridge.Demo\Plotly.Bridge.Demo.csproj", "{41FCECA4-2DA9-4F46-97BE-47BB3418B3AB}"
EndProject
Project("{2150E333-8FDC-42A3-9474-1A3956D46DE8}") = "azure-devops", "azure-devops", "{8B7E9B7F-5A91-4C0A-9F68-60F5530FDDB0}"
	ProjectSection(SolutionItems) = preProject
		.devops\build-nuget.yml = .devops\build-nuget.yml
	EndProjectSection
EndProject
Global
	GlobalSection(SolutionConfigurationPlatforms) = preSolution
		Debug|Any CPU = Debug|Any CPU
		Release|Any CPU = Release|Any CPU
	EndGlobalSection
	GlobalSection(ProjectConfigurationPlatforms) = postSolution
		{2C6F7FB3-62C9-400E-A9C1-26C2CA5FFEA1}.Debug|Any CPU.ActiveCfg = Debug|Any CPU
		{2C6F7FB3-62C9-400E-A9C1-26C2CA5FFEA1}.Debug|Any CPU.Build.0 = Debug|Any CPU
		{2C6F7FB3-62C9-400E-A9C1-26C2CA5FFEA1}.Release|Any CPU.ActiveCfg = Release|Any CPU
		{2C6F7FB3-62C9-400E-A9C1-26C2CA5FFEA1}.Release|Any CPU.Build.0 = Release|Any CPU
		{D4274115-77E5-4A1F-929C-67473DDC254F}.Debug|Any CPU.ActiveCfg = Debug|Any CPU
		{D4274115-77E5-4A1F-929C-67473DDC254F}.Debug|Any CPU.Build.0 = Debug|Any CPU
		{D4274115-77E5-4A1F-929C-67473DDC254F}.Release|Any CPU.ActiveCfg = Release|Any CPU
		{D4274115-77E5-4A1F-929C-67473DDC254F}.Release|Any CPU.Build.0 = Release|Any CPU
		{41FCECA4-2DA9-4F46-97BE-47BB3418B3AB}.Debug|Any CPU.ActiveCfg = Debug|Any CPU
		{41FCECA4-2DA9-4F46-97BE-47BB3418B3AB}.Debug|Any CPU.Build.0 = Debug|Any CPU
		{41FCECA4-2DA9-4F46-97BE-47BB3418B3AB}.Release|Any CPU.ActiveCfg = Release|Any CPU
		{41FCECA4-2DA9-4F46-97BE-47BB3418B3AB}.Release|Any CPU.Build.0 = Release|Any CPU
	EndGlobalSection
	GlobalSection(SolutionProperties) = preSolution
		HideSolutionNode = FALSE
	EndGlobalSection
	GlobalSection(ExtensibilityGlobals) = postSolution
		SolutionGuid = {36868868-9865-46CA-AF06-29BE13308C82}
	EndGlobalSection
EndGlobal
